
Microsoft Visual Studio Solution File, Format Version 12.00
# Visual Studio Version 16
VisualStudioVersion = 16.0.30225.117
MinimumVisualStudioVersion = 10.0.40219.1
Project("{9A19103F-16F7-4668-BE54-9A1E7A4F7556}") = "Chat.Server", "Chat.Server\Chat.Server.csproj", "{60099116-CE80-43B3-8C57-36831DAB3A48}"
EndProject
Project("{9A19103F-16F7-4668-BE54-9A1E7A4F7556}") = "Chat.Tests", "Chat.Tests\Chat.Tests.csproj", "{F9EAAD4D-7E20-41C3-B861-60A87A46D116}"
EndProject
Project("{9A19103F-16F7-4668-BE54-9A1E7A4F7556}") = "Chat.Api", "Chat.Api\Chat.Api.csproj", "{42BB46F5-5582-4AD2-ACCB-B1185909D9EA}"
EndProject
Project("{9A19103F-16F7-4668-BE54-9A1E7A4F7556}") = "Chat.Audio", "Chat.Media\Chat.Audio.csproj", "{A0004333-48DE-4181-8771-2E21682AA60F}"
EndProject
Project("{9A19103F-16F7-4668-BE54-9A1E7A4F7556}") = "Chat.Client", "Chat.Client\Chat.Client.csproj", "{AE126297-4C79-47DA-9E89-4683A3DD7E52}"
EndProject
Global
	GlobalSection(SolutionConfigurationPlatforms) = preSolution
		Debug|Any CPU = Debug|Any CPU
		Release|Any CPU = Release|Any CPU
	EndGlobalSection
	GlobalSection(ProjectConfigurationPlatforms) = postSolution
		{60099116-CE80-43B3-8C57-36831DAB3A48}.Debug|Any CPU.ActiveCfg = Debug|Any CPU
		{60099116-CE80-43B3-8C57-36831DAB3A48}.Debug|Any CPU.Build.0 = Debug|Any CPU
		{60099116-CE80-43B3-8C57-36831DAB3A48}.Release|Any CPU.ActiveCfg = Release|Any CPU
		{60099116-CE80-43B3-8C57-36831DAB3A48}.Release|Any CPU.Build.0 = Release|Any CPU
		{F9EAAD4D-7E20-41C3-B861-60A87A46D116}.Debug|Any CPU.ActiveCfg = Debug|Any CPU
		{F9EAAD4D-7E20-41C3-B861-60A87A46D116}.Debug|Any CPU.Build.0 = Debug|Any CPU
		{F9EAAD4D-7E20-41C3-B861-60A87A46D116}.Release|Any CPU.ActiveCfg = Release|Any CPU
		{F9EAAD4D-7E20-41C3-B861-60A87A46D116}.Release|Any CPU.Build.0 = Release|Any CPU
		{42BB46F5-5582-4AD2-ACCB-B1185909D9EA}.Debug|Any CPU.ActiveCfg = Debug|Any CPU
		{42BB46F5-5582-4AD2-ACCB-B1185909D9EA}.Debug|Any CPU.Build.0 = Debug|Any CPU
		{42BB46F5-5582-4AD2-ACCB-B1185909D9EA}.Release|Any CPU.ActiveCfg = Release|Any CPU
		{42BB46F5-5582-4AD2-ACCB-B1185909D9EA}.Release|Any CPU.Build.0 = Release|Any CPU
		{A0004333-48DE-4181-8771-2E21682AA60F}.Debug|Any CPU.ActiveCfg = Debug|Any CPU
		{A0004333-48DE-4181-8771-2E21682AA60F}.Debug|Any CPU.Build.0 = Debug|Any CPU
		{A0004333-48DE-4181-8771-2E21682AA60F}.Release|Any CPU.ActiveCfg = Release|Any CPU
		{A0004333-48DE-4181-8771-2E21682AA60F}.Release|Any CPU.Build.0 = Release|Any CPU
		{AE126297-4C79-47DA-9E89-4683A3DD7E52}.Debug|Any CPU.ActiveCfg = Debug|Any CPU
		{AE126297-4C79-47DA-9E89-4683A3DD7E52}.Debug|Any CPU.Build.0 = Debug|Any CPU
		{AE126297-4C79-47DA-9E89-4683A3DD7E52}.Release|Any CPU.ActiveCfg = Release|Any CPU
		{AE126297-4C79-47DA-9E89-4683A3DD7E52}.Release|Any CPU.Build.0 = Release|Any CPU
	EndGlobalSection
	GlobalSection(SolutionProperties) = preSolution
		HideSolutionNode = FALSE
	EndGlobalSection
	GlobalSection(ExtensibilityGlobals) = postSolution
		SolutionGuid = {942BB8CB-6182-4EC4-8F80-27E6125540E7}
	EndGlobalSection
EndGlobal
